// !$*UTF8*$!
{
	archiveVersion = 1;
	classes = {
	};
	objectVersion = 46;
	objects = {

/* Begin PBXBuildFile section */
		D730D92C1DA9352700BE24AD /* AppDelegate.m in Sources */ = {isa = PBXBuildFile; fileRef = D730D9291DA9352700BE24AD /* AppDelegate.m */; };
		D730D9301DA9359600BE24AD /* DKExampleViewController.m in Sources */ = {isa = PBXBuildFile; fileRef = D730D92F1DA9359600BE24AD /* DKExampleViewController.m */; };
		D795B68F1DA9273A005780F1 /* main.m in Sources */ = {isa = PBXBuildFile; fileRef = D795B68E1DA9273A005780F1 /* main.m */; };
		D795B6981DA9273A005780F1 /* Main.storyboard in Resources */ = {isa = PBXBuildFile; fileRef = D795B6961DA9273A005780F1 /* Main.storyboard */; };
		D795B69A1DA9273A005780F1 /* Assets.xcassets in Resources */ = {isa = PBXBuildFile; fileRef = D795B6991DA9273A005780F1 /* Assets.xcassets */; };
		D795B69D1DA9273A005780F1 /* LaunchScreen.storyboard in Resources */ = {isa = PBXBuildFile; fileRef = D795B69B1DA9273A005780F1 /* LaunchScreen.storyboard */; };
		D795B6AC1DA931FA005780F1 /* DKProgressHUD.bundle in Resources */ = {isa = PBXBuildFile; fileRef = D795B6A51DA931FA005780F1 /* DKProgressHUD.bundle */; };
		D795B6AD1DA931FA005780F1 /* DKProgressHUD.m in Sources */ = {isa = PBXBuildFile; fileRef = D795B6A71DA931FA005780F1 /* DKProgressHUD.m */; };
		D795B6AF1DA931FA005780F1 /* MBProgressHUD.m in Sources */ = {isa = PBXBuildFile; fileRef = D795B6AB1DA931FA005780F1 /* MBProgressHUD.m */; };
/* End PBXBuildFile section */

/* Begin PBXFileReference section */
		D730D9281DA9352700BE24AD /* AppDelegate.h */ = {isa = PBXFileReference; fileEncoding = 4; lastKnownFileType = sourcecode.c.h; path = AppDelegate.h; sourceTree = "<group>"; };
		D730D9291DA9352700BE24AD /* AppDelegate.m */ = {isa = PBXFileReference; fileEncoding = 4; lastKnownFileType = sourcecode.c.objc; path = AppDelegate.m; sourceTree = "<group>"; };
		D730D92E1DA9359600BE24AD /* DKExampleViewController.h */ = {isa = PBXFileReference; fileEncoding = 4; lastKnownFileType = sourcecode.c.h; path = DKExampleViewController.h; sourceTree = "<group>"; };
		D730D92F1DA9359600BE24AD /* DKExampleViewController.m */ = {isa = PBXFileReference; fileEncoding = 4; lastKnownFileType = sourcecode.c.objc; path = DKExampleViewController.m; sourceTree = "<group>"; };
		D795B68A1DA9273A005780F1 /* DKProgressHUDExample.app */ = {isa = PBXFileReference; explicitFileType = wrapper.application; includeInIndex = 0; path = DKProgressHUDExample.app; sourceTree = BUILT_PRODUCTS_DIR; };
		D795B68E1DA9273A005780F1 /* main.m */ = {isa = PBXFileReference; lastKnownFileType = sourcecode.c.objc; path = main.m; sourceTree = "<group>"; };
		D795B6971DA9273A005780F1 /* Base */ = {isa = PBXFileReference; lastKnownFileType = file.storyboard; name = Base; path = Base.lproj/Main.storyboard; sourceTree = "<group>"; };
		D795B6991DA9273A005780F1 /* Assets.xcassets */ = {isa = PBXFileReference; lastKnownFileType = folder.assetcatalog; path = Assets.xcassets; sourceTree = "<group>"; };
		D795B69C1DA9273A005780F1 /* Base */ = {isa = PBXFileReference; lastKnownFileType = file.storyboard; name = Base; path = Base.lproj/LaunchScreen.storyboard; sourceTree = "<group>"; };
		D795B69E1DA9273A005780F1 /* Info.plist */ = {isa = PBXFileReference; lastKnownFileType = text.plist.xml; path = Info.plist; sourceTree = "<group>"; };
		D795B6A51DA931FA005780F1 /* DKProgressHUD.bundle */ = {isa = PBXFileReference; lastKnownFileType = "wrapper.plug-in"; path = DKProgressHUD.bundle; sourceTree = "<group>"; };
		D795B6A61DA931FA005780F1 /* DKProgressHUD.h */ = {isa = PBXFileReference; fileEncoding = 4; lastKnownFileType = sourcecode.c.h; path = DKProgressHUD.h; sourceTree = "<group>"; };
		D795B6A71DA931FA005780F1 /* DKProgressHUD.m */ = {isa = PBXFileReference; fileEncoding = 4; lastKnownFileType = sourcecode.c.objc; path = DKProgressHUD.m; sourceTree = "<group>"; };
		D795B6AA1DA931FA005780F1 /* MBProgressHUD.h */ = {isa = PBXFileReference; fileEncoding = 4; lastKnownFileType = sourcecode.c.h; path = MBProgressHUD.h; sourceTree = "<group>"; };
		D795B6AB1DA931FA005780F1 /* MBProgressHUD.m */ = {isa = PBXFileReference; fileEncoding = 4; lastKnownFileType = sourcecode.c.objc; path = MBProgressHUD.m; sourceTree = "<group>"; };
/* End PBXFileReference section */

/* Begin PBXFrameworksBuildPhase section */
		D795B6871DA9273A005780F1 /* Frameworks */ = {
			isa = PBXFrameworksBuildPhase;
			buildActionMask = 2147483647;
			files = (
			);
			runOnlyForDeploymentPostprocessing = 0;
		};
/* End PBXFrameworksBuildPhase section */

/* Begin PBXGroup section */
		D730D9271DA9352700BE24AD /* Classes */ = {
			isa = PBXGroup;
			children = (
				D730D9281DA9352700BE24AD /* AppDelegate.h */,
				D730D9291DA9352700BE24AD /* AppDelegate.m */,
				D730D92E1DA9359600BE24AD /* DKExampleViewController.h */,
				D730D92F1DA9359600BE24AD /* DKExampleViewController.m */,
			);
			path = Classes;
			sourceTree = "<group>";
		};
		D795B6811DA9273A005780F1 = {
			isa = PBXGroup;
			children = (
				D795B68C1DA9273A005780F1 /* DKProgressHUDExample */,
				D795B68B1DA9273A005780F1 /* Products */,
			);
			sourceTree = "<group>";
		};
		D795B68B1DA9273A005780F1 /* Products */ = {
			isa = PBXGroup;
			children = (
				D795B68A1DA9273A005780F1 /* DKProgressHUDExample.app */,
			);
			name = Products;
			sourceTree = "<group>";
		};
		D795B68C1DA9273A005780F1 /* DKProgressHUDExample */ = {
			isa = PBXGroup;
			children = (
				D795B6A41DA931FA005780F1 /* DKProgressHUD */,
				D730D9271DA9352700BE24AD /* Classes */,
				D795B68D1DA9273A005780F1 /* Supporting Files */,
			);
			path = DKProgressHUDExample;
			sourceTree = "<group>";
		};
		D795B68D1DA9273A005780F1 /* Supporting Files */ = {
			isa = PBXGroup;
			children = (
				D795B69B1DA9273A005780F1 /* LaunchScreen.storyboard */,
				D795B6961DA9273A005780F1 /* Main.storyboard */,
				D795B6991DA9273A005780F1 /* Assets.xcassets */,
				D795B69E1DA9273A005780F1 /* Info.plist */,
				D795B68E1DA9273A005780F1 /* main.m */,
			);
			name = "Supporting Files";
			sourceTree = "<group>";
		};
		D795B6A41DA931FA005780F1 /* DKProgressHUD */ = {
			isa = PBXGroup;
			children = (
				D795B6A51DA931FA005780F1 /* DKProgressHUD.bundle */,
				D795B6A61DA931FA005780F1 /* DKProgressHUD.h */,
				D795B6A71DA931FA005780F1 /* DKProgressHUD.m */,
				D795B6AA1DA931FA005780F1 /* MBProgressHUD.h */,
				D795B6AB1DA931FA005780F1 /* MBProgressHUD.m */,
			);
			path = DKProgressHUD;
			sourceTree = "<group>";
		};
/* End PBXGroup section */

/* Begin PBXNativeTarget section */
		D795B6891DA9273A005780F1 /* DKProgressHUDExample */ = {
			isa = PBXNativeTarget;
			buildConfigurationList = D795B6A11DA9273A005780F1 /* Build configuration list for PBXNativeTarget "DKProgressHUDExample" */;
			buildPhases = (
				D795B6861DA9273A005780F1 /* Sources */,
				D795B6871DA9273A005780F1 /* Frameworks */,
				D795B6881DA9273A005780F1 /* Resources */,
			);
			buildRules = (
			);
			dependencies = (
			);
			name = DKProgressHUDExample;
			productName = DKProgressHUDExample;
			productReference = D795B68A1DA9273A005780F1 /* DKProgressHUDExample.app */;
			productType = "com.apple.product-type.application";
		};
/* End PBXNativeTarget section */

/* Begin PBXProject section */
		D795B6821DA9273A005780F1 /* Project object */ = {
			isa = PBXProject;
			attributes = {
				LastUpgradeCheck = 0800;
				ORGANIZATIONNAME = cn.dankal;
				TargetAttributes = {
					D795B6891DA9273A005780F1 = {
						CreatedOnToolsVersion = 8.0;
						DevelopmentTeam = G8M2K7562P;
						ProvisioningStyle = Automatic;
					};
				};
			};
			buildConfigurationList = D795B6851DA9273A005780F1 /* Build configuration list for PBXProject "DKProgressHUDExample" */;
			compatibilityVersion = "Xcode 3.2";
			developmentRegion = English;
			hasScannedForEncodings = 0;
			knownRegions = (
				en,
				Base,
			);
			mainGroup = D795B6811DA9273A005780F1;
			productRefGroup = D795B68B1DA9273A005780F1 /* Products */;
			projectDirPath = "";
			projectRoot = "";
			targets = (
				D795B6891DA9273A005780F1 /* DKProgressHUDExample */,
			);
		};
/* End PBXProject section */

/* Begin PBXResourcesBuildPhase section */
		D795B6881DA9273A005780F1 /* Resources */ = {
			isa = PBXResourcesBuildPhase;
			buildActionMask = 2147483647;
			files = (
				D795B69D1DA9273A005780F1 /* LaunchScreen.storyboard in Resources */,
				D795B6AC1DA931FA005780F1 /* DKProgressHUD.bundle in Resources */,
				D795B69A1DA9273A005780F1 /* Assets.xcassets in Resources */,
				D795B6981DA9273A005780F1 /* Main.storyboard in Resources */,
			);
			runOnlyForDeploymentPostprocessing = 0;
		};
/* End PBXResourcesBuildPhase section */

/* Begin PBXSourcesBuildPhase section */
		D795B6861DA9273A005780F1 /* Sources */ = {
			isa = PBXSourcesBuildPhase;
			buildActionMask = 2147483647;
			files = (
				D730D9301DA9359600BE24AD /* DKExampleViewController.m in Sources */,
				D795B6AF1DA931FA005780F1 /* MBProgressHUD.m in Sources */,
				D795B68F1DA9273A005780F1 /* main.m in Sources */,
				D795B6AD1DA931FA005780F1 /* DKProgressHUD.m in Sources */,
				D730D92C1DA9352700BE24AD /* AppDelegate.m in Sources */,
			);
			runOnlyForDeploymentPostprocessing = 0;
		};
/* End PBXSourcesBuildPhase section */

/* Begin PBXVariantGroup section */
		D795B6961DA9273A005780F1 /* Main.storyboard */ = {
			isa = PBXVariantGroup;
			children = (
				D795B6971DA9273A005780F1 /* Base */,
			);
			name = Main.storyboard;
			sourceTree = "<group>";
		};
		D795B69B1DA9273A005780F1 /* LaunchScreen.storyboard */ = {
			isa = PBXVariantGroup;
			children = (
				D795B69C1DA9273A005780F1 /* Base */,
			);
			name = LaunchScreen.storyboard;
			sourceTree = "<group>";
		};
/* End PBXVariantGroup section */

/* Begin XCBuildConfiguration section */
		D795B69F1DA9273A005780F1 /* Debug */ = {
			isa = XCBuildConfiguration;
			buildSettings = {
				ALWAYS_SEARCH_USER_PATHS = NO;
				CLANG_ANALYZER_NONNULL = YES;
				CLANG_CXX_LANGUAGE_STANDARD = "gnu++0x";
				CLANG_CXX_LIBRARY = "libc++";
				CLANG_ENABLE_MODULES = YES;
				CLANG_ENABLE_OBJC_ARC = YES;
				CLANG_WARN_BOOL_CONVERSION = YES;
				CLANG_WARN_CONSTANT_CONVERSION = YES;
				CLANG_WARN_DIRECT_OBJC_ISA_USAGE = YES_ERROR;
				CLANG_WARN_DOCUMENTATION_COMMENTS = YES;
				CLANG_WARN_EMPTY_BODY = YES;
				CLANG_WARN_ENUM_CONVERSION = YES;
				CLANG_WARN_INFINITE_RECURSION = YES;
				CLANG_WARN_INT_CONVERSION = YES;
				CLANG_WARN_OBJC_ROOT_CLASS = YES_ERROR;
				CLANG_WARN_SUSPICIOUS_MOVES = YES;
				CLANG_WARN_UNREACHABLE_CODE = YES;
				CLANG_WARN__DUPLICATE_METHOD_MATCH = YES;
				"CODE_SIGN_IDENTITY[sdk=iphoneos*]" = "iPhone Developer";
				COPY_PHASE_STRIP = NO;
				DEBUG_INFORMATION_FORMAT = dwarf;
				ENABLE_STRICT_OBJC_MSGSEND = YES;
				ENABLE_TESTABILITY = YES;
				GCC_C_LANGUAGE_STANDARD = gnu99;
				GCC_DYNAMIC_NO_PIC = NO;
				GCC_NO_COMMON_BLOCKS = YES;
				GCC_OPTIMIZATION_LEVEL = 0;
				GCC_PREPROCESSOR_DEFINITIONS = (
					"DEBUG=1",
					"$(inherited)",
				);
				GCC_WARN_64_TO_32_BIT_CONVERSION = YES;
				GCC_WARN_ABOUT_RETURN_TYPE = YES_ERROR;
				GCC_WARN_UNDECLARED_SELECTOR = YES;
				GCC_WARN_UNINITIALIZED_AUTOS = YES_AGGRESSIVE;
				GCC_WARN_UNUSED_FUNCTION = YES;
				GCC_WARN_UNUSED_VARIABLE = YES;
				IPHONEOS_DEPLOYMENT_TARGET = 10.0;
				MTL_ENABLE_DEBUG_INFO = YES;
				ONLY_ACTIVE_ARCH = YES;
				SDKROOT = iphoneos;
				TARGETED_DEVICE_FAMILY = "1,2";
			};
			name = Debug;
		};
		D795B6A01DA9273A005780F1 /* Release */ = {
			isa = XCBuildConfiguration;
			buildSettings = {
				ALWAYS_SEARCH_USER_PATHS = NO;
				CLANG_ANALYZER_NONNULL = YES;
				CLANG_CXX_LANGUAGE_STANDARD = "gnu++0x";
				CLANG_CXX_LIBRARY = "libc++";
				CLANG_ENABLE_MODULES = YES;
				CLANG_ENABLE_OBJC_ARC = YES;
				CLANG_WARN_BOOL_CONVERSION = YES;
				CLANG_WARN_CONSTANT_CONVERSION = YES;
				CLANG_WARN_DIRECT_OBJC_ISA_USAGE = YES_ERROR;
				CLANG_WARN_DOCUMENTATION_COMMENTS = YES;
				CLANG_WARN_EMPTY_BODY = YES;
				CLANG_WARN_ENUM_CONVERSION = YES;
				CLANG_WARN_INFINITE_RECURSION = YES;
				CLANG_WARN_INT_CONVERSION = YES;
				CLANG_WARN_OBJC_ROOT_CLASS = YES_ERROR;
				CLANG_WARN_SUSPICIOUS_MOVES = YES;
				CLANG_WARN_UNREACHABLE_CODE = YES;
				CLANG_WARN__DUPLICATE_METHOD_MATCH = YES;
				"CODE_SIGN_IDENTITY[sdk=iphoneos*]" = "iPhone Developer";
				COPY_PHASE_STRIP = NO;
				DEBUG_INFORMATION_FORMAT = "dwarf-with-dsym";
				ENABLE_NS_ASSERTIONS = NO;
				ENABLE_STRICT_OBJC_MSGSEND = YES;
				GCC_C_LANGUAGE_STANDARD = gnu99;
				GCC_NO_COMMON_BLOCKS = YES;
				GCC_WARN_64_TO_32_BIT_CONVERSION = YES;
				GCC_WARN_ABOUT_RETURN_TYPE = YES_ERROR;
				GCC_WARN_UNDECLARED_SELECTOR = YES;
				GCC_WARN_UNINITIALIZED_AUTOS = YES_AGGRESSIVE;
				GCC_WARN_UNUSED_FUNCTION = YES;
				GCC_WARN_UNUSED_VARIABLE = YES;
				IPHONEOS_DEPLOYMENT_TARGET = 10.0;
				MTL_ENABLE_DEBUG_INFO = NO;
				SDKROOT = iphoneos;
				TARGETED_DEVICE_FAMILY = "1,2";
				VALIDATE_PRODUCT = YES;
			};
			name = Release;
		};
		D795B6A21DA9273A005780F1 /* Debug */ = {
			isa = XCBuildConfiguration;
			buildSettings = {
				ASSETCATALOG_COMPILER_APPICON_NAME = AppIcon;
				DEVELOPMENT_TEAM = G8M2K7562P;
				INFOPLIST_FILE = DKProgressHUDExample/Info.plist;
				LD_RUNPATH_SEARCH_PATHS = "$(inherited) @executable_path/Frameworks";
				PRODUCT_BUNDLE_IDENTIFIER = cn.dankal.DKProgressHUDExample;
				PRODUCT_NAME = "$(TARGET_NAME)";
			};
			name = Debug;
		};
		D795B6A31DA9273A005780F1 /* Release */ = {
			isa = XCBuildConfiguration;
			buildSettings = {
				ASSETCATALOG_COMPILER_APPICON_NAME = AppIcon;
				DEVELOPMENT_TEAM = G8M2K7562P;
				INFOPLIST_FILE = DKProgressHUDExample/Info.plist;
				LD_RUNPATH_SEARCH_PATHS = "$(inherited) @executable_path/Frameworks";
				PRODUCT_BUNDLE_IDENTIFIER = cn.dankal.DKProgressHUDExample;
				PRODUCT_NAME = "$(TARGET_NAME)";
			};
			name = Release;
		};
/* End XCBuildConfiguration section */

/* Begin XCConfigurationList section */
		D795B6851DA9273A005780F1 /* Build configuration list for PBXProject "DKProgressHUDExample" */ = {
			isa = XCConfigurationList;
			buildConfigurations = (
				D795B69F1DA9273A005780F1 /* Debug */,
				D795B6A01DA9273A005780F1 /* Release */,
			);
			defaultConfigurationIsVisible = 0;
			defaultConfigurationName = Release;
		};
		D795B6A11DA9273A005780F1 /* Build configuration list for PBXNativeTarget "DKProgressHUDExample" */ = {
			isa = XCConfigurationList;
			buildConfigurations = (
				D795B6A21DA9273A005780F1 /* Debug */,
				D795B6A31DA9273A005780F1 /* Release */,
			);
			defaultConfigurationIsVisible = 0;
			defaultConfigurationName = Release;
		};
/* End XCConfigurationList section */
	};
	rootObject = D795B6821DA9273A005780F1 /* Project object */;
}
